
Microsoft Visual Studio Solution File, Format Version 12.00
# Visual Studio 15
Project("{FAE04EC0-301F-11D3-BF4B-00C04F79EFBC}") = "Assembly-CSharp", "Assembly-CSharp.csproj", "{019E2E89-EA34-3DA8-B2E6-E89D38CBCED8}"
EndProject
Project("{FAE04EC0-301F-11D3-BF4B-00C04F79EFBC}") = "Assembly-CSharp-Editor", "Assembly-CSharp-Editor.csproj", "{A4C9D0D7-1320-B43C-85A3-AE75ECE48C67}"
EndProject
Global
	GlobalSection(SolutionConfigurationPlatforms) = preSolution
		Debug|Any CPU = Debug|Any CPU
		Release|Any CPU = Release|Any CPU
	EndGlobalSection
	GlobalSection(ProjectConfigurationPlatforms) = postSolution
		{019E2E89-EA34-3DA8-B2E6-E89D38CBCED8}.Debug|Any CPU.ActiveCfg = Debug|Any CPU
		{019E2E89-EA34-3DA8-B2E6-E89D38CBCED8}.Debug|Any CPU.Build.0 = Debug|Any CPU
		{019E2E89-EA34-3DA8-B2E6-E89D38CBCED8}.Release|Any CPU.ActiveCfg = Release|Any CPU
		{019E2E89-EA34-3DA8-B2E6-E89D38CBCED8}.Release|Any CPU.Build.0 = Release|Any CPU
		{A4C9D0D7-1320-B43C-85A3-AE75ECE48C67}.Debug|Any CPU.ActiveCfg = Debug|Any CPU
		{A4C9D0D7-1320-B43C-85A3-AE75ECE48C67}.Debug|Any CPU.Build.0 = Debug|Any CPU
		{A4C9D0D7-1320-B43C-85A3-AE75ECE48C67}.Release|Any CPU.ActiveCfg = Release|Any CPU
		{A4C9D0D7-1320-B43C-85A3-AE75ECE48C67}.Release|Any CPU.Build.0 = Release|Any CPU
	EndGlobalSection
	GlobalSection(SolutionProperties) = preSolution
		HideSolutionNode = FALSE
	EndGlobalSection
EndGlobal
